
Microsoft Visual Studio Solution File, Format Version 12.00
# Visual Studio Version 17
VisualStudioVersion = 17.6.33829.357
MinimumVisualStudioVersion = 10.0.40219.1
Project("{00D1A9C2-B5F0-4AF3-8072-F6C62B433612}") = "TSqlResources", "TSqlResources\TSqlResources.sqlproj", "{08E0D3BF-A747-4486-8189-955B8BA4846D}"
EndProject
Global
	GlobalSection(SolutionConfigurationPlatforms) = preSolution
		Debug|Any CPU = Debug|Any CPU
		Release|Any CPU = Release|Any CPU
	EndGlobalSection
	GlobalSection(ProjectConfigurationPlatforms) = postSolution
		{08E0D3BF-A747-4486-8189-955B8BA4846D}.Debug|Any CPU.ActiveCfg = Debug|Any CPU
		{08E0D3BF-A747-4486-8189-955B8BA4846D}.Debug|Any CPU.Build.0 = Debug|Any CPU
		{08E0D3BF-A747-4486-8189-955B8BA4846D}.Debug|Any CPU.Deploy.0 = Debug|Any CPU
		{08E0D3BF-A747-4486-8189-955B8BA4846D}.Release|Any CPU.ActiveCfg = Release|Any CPU
		{08E0D3BF-A747-4486-8189-955B8BA4846D}.Release|Any CPU.Build.0 = Release|Any CPU
		{08E0D3BF-A747-4486-8189-955B8BA4846D}.Release|Any CPU.Deploy.0 = Release|Any CPU
	EndGlobalSection
	GlobalSection(SolutionProperties) = preSolution
		HideSolutionNode = FALSE
	EndGlobalSection
	GlobalSection(ExtensibilityGlobals) = postSolution
		SolutionGuid = {033AAAA9-23BD-4E56-9BF0-F80FB29F7678}
	EndGlobalSection
EndGlobal
